
Microsoft Visual Studio Solution File, Format Version 12.00
# Visual Studio Version 16
VisualStudioVersion = 16.0.29503.13
MinimumVisualStudioVersion = 10.0.40219.1
Project("{FAE04EC0-301F-11D3-BF4B-00C04F79EFBC}") = "first project", "first project\first project.csproj", "{84E39E88-ED2A-4407-8949-097C3C493E1D}"
EndProject
Global
	GlobalSection(SolutionConfigurationPlatforms) = preSolution
		Debug|Any CPU = Debug|Any CPU
		Release|Any CPU = Release|Any CPU
	EndGlobalSection
	GlobalSection(ProjectConfigurationPlatforms) = postSolution
		{84E39E88-ED2A-4407-8949-097C3C493E1D}.Debug|Any CPU.ActiveCfg = Debug|Any CPU
		{84E39E88-ED2A-4407-8949-097C3C493E1D}.Debug|Any CPU.Build.0 = Debug|Any CPU
		{84E39E88-ED2A-4407-8949-097C3C493E1D}.Release|Any CPU.ActiveCfg = Release|Any CPU
		{84E39E88-ED2A-4407-8949-097C3C493E1D}.Release|Any CPU.Build.0 = Release|Any CPU
	EndGlobalSection
	GlobalSection(SolutionProperties) = preSolution
		HideSolutionNode = FALSE
	EndGlobalSection
	GlobalSection(ExtensibilityGlobals) = postSolution
		SolutionGuid = {CDA5D9AF-78EB-48AA-8918-C33A345A6647}
	EndGlobalSection
EndGlobal
